
Microsoft Visual Studio Solution File, Format Version 12.00
# Visual Studio Version 17
VisualStudioVersion = 17.13.35919.96 d17.13
MinimumVisualStudioVersion = 10.0.40219.1
Project("{FAE04EC0-301F-11D3-BF4B-00C04F79EFBC}") = "chaoxing-question-bank-handler", "chaoxing-question-bank-handler\chaoxing-question-bank-handler.csproj", "{1832DEE4-0239-42D9-90D9-730E0ACDAB4B}"
EndProject
Global
	GlobalSection(SolutionConfigurationPlatforms) = preSolution
		Debug|Any CPU = Debug|Any CPU
		Release|Any CPU = Release|Any CPU
	EndGlobalSection
	GlobalSection(ProjectConfigurationPlatforms) = postSolution
		{1832DEE4-0239-42D9-90D9-730E0ACDAB4B}.Debug|Any CPU.ActiveCfg = Debug|Any CPU
		{1832DEE4-0239-42D9-90D9-730E0ACDAB4B}.Debug|Any CPU.Build.0 = Debug|Any CPU
		{1832DEE4-0239-42D9-90D9-730E0ACDAB4B}.Release|Any CPU.ActiveCfg = Release|Any CPU
		{1832DEE4-0239-42D9-90D9-730E0ACDAB4B}.Release|Any CPU.Build.0 = Release|Any CPU
	EndGlobalSection
	GlobalSection(SolutionProperties) = preSolution
		HideSolutionNode = FALSE
	EndGlobalSection
	GlobalSection(ExtensibilityGlobals) = postSolution
		SolutionGuid = {A2F26251-0786-4303-825B-3A3DF8786A85}
	EndGlobalSection
EndGlobal
